
Microsoft Visual Studio Solution File, Format Version 12.00
# Visual Studio Version 17
VisualStudioVersion = 17.4.33110.190
MinimumVisualStudioVersion = 10.0.40219.1
Project("{8BC9CEB8-8B4A-11D0-8D11-00A0C91BC942}") = "COMP3001 CW2 Q1", "COMP3001 CW2 Q1\COMP3001 CW2 Q1.vcxproj", "{8C32271A-5C04-4336-9546-C9C56DA2FE19}"
EndProject
Global
	GlobalSection(SolutionConfigurationPlatforms) = preSolution
		Debug|x64 = Debug|x64
		Debug|x86 = Debug|x86
		Release|x64 = Release|x64
		Release|x86 = Release|x86
	EndGlobalSection
	GlobalSection(ProjectConfigurationPlatforms) = postSolution
		{8C32271A-5C04-4336-9546-C9C56DA2FE19}.Debug|x64.ActiveCfg = Debug|x64
		{8C32271A-5C04-4336-9546-C9C56DA2FE19}.Debug|x64.Build.0 = Debug|x64
		{8C32271A-5C04-4336-9546-C9C56DA2FE19}.Debug|x86.ActiveCfg = Debug|Win32
		{8C32271A-5C04-4336-9546-C9C56DA2FE19}.Debug|x86.Build.0 = Debug|Win32
		{8C32271A-5C04-4336-9546-C9C56DA2FE19}.Release|x64.ActiveCfg = Release|x64
		{8C32271A-5C04-4336-9546-C9C56DA2FE19}.Release|x64.Build.0 = Release|x64
		{8C32271A-5C04-4336-9546-C9C56DA2FE19}.Release|x86.ActiveCfg = Release|Win32
		{8C32271A-5C04-4336-9546-C9C56DA2FE19}.Release|x86.Build.0 = Release|Win32
	EndGlobalSection
	GlobalSection(SolutionProperties) = preSolution
		HideSolutionNode = FALSE
	EndGlobalSection
	GlobalSection(ExtensibilityGlobals) = postSolution
		SolutionGuid = {3940636E-A5BE-4C4B-AA27-FF140C9FFE5B}
	EndGlobalSection
EndGlobal
